{
  "name": "sapato",
  "lockfileVersion": 3,
  "requires": true,
  "packages": {
    "": {
      "dependencies": {
        "2": "^3.0.0",
        "mysql": "^2.18.1"
      }
    },
    "node_modules/@lamansky/every": {
      "version": "1.0.0",
      "resolved": "https://registry.npmjs.org/@lamansky/every/-/every-1.0.0.tgz",
      "integrity": "sha512-mbu6EV7RApOvzjE5RJqCneWFNVkrq1lYpIfOKwc39ngmfqNdGhCO8QYOFmESChIcCjn28zrNMPm1/pDrTAToMg==",
      "dependencies": {
        "ffn": "^2.1.0",
        "plainify": "^1.0.0",
        "sbo": "^1.1.0"
      },
      "engines": {
        "node": ">=6.0.0"
      }
    },
    "node_modules/@lamansky/flatten": {
      "version": "1.0.0",
      "resolved": "https://registry.npmjs.org/@lamansky/flatten/-/flatten-1.0.0.tgz",
      "integrity": "sha512-4u7TNkdIjYD0JKwNCJFSBIwj92DN4y/+nGNHB104CmQUrNYyxwmm/fto8k7S+4H9rSeDityPyGhiPqMy4ukxYg==",
      "dependencies": {
        "sbo": "^1.0.0"
      },
      "engines": {
        "node": ">=6.0.0"
      }
    },
    "node_modules/2": {
      "version": "3.0.0",
      "resolved": "https://registry.npmjs.org/2/-/2-3.0.0.tgz",
      "integrity": "sha512-Cq+wWyyKElk0zOk/ev7r4+pNJTa7V0fUKP/5ii4I47dn0E0QoY4VzqbIpfnkPQQPWuZzKj3oNzNT0MA657zkpw==",
      "dependencies": {
        "@lamansky/every": "^1.0.0",
        "add-counter": "^1.0.0",
        "empty-iterator": "^1.0.0",
        "is-array-of-length": "^1.0.0",
        "is-instance-of": "^1.0.2",
        "is-iterable": "^1.1.1",
        "is-nil": "^1.0.1",
        "is-object": "^1.0.1",
        "map-iter": "^1.0.0",
        "new-object": "^4.0.0",
        "otherwise": "^2.0.0",
        "parser-factory": "^1.1.0",
        "round-to": "^4.0.0",
        "sbo": "^1.1.0"
      },
      "engines": {
        "node": ">=8.3.0"
      }
    },
    "node_modules/add-counter": {
      "version": "1.0.0",
      "resolved": "https://registry.npmjs.org/add-counter/-/add-counter-1.0.0.tgz",
      "integrity": "sha512-0CTbBx0nmG090qY9kmAcN/Z87W5dQUT5lfwqzYz881+3vciNGAK0d6vGt/lUye6NZGhmQBfJTo/lvfZHb+0l1Q==",
      "engines": {
        "node": ">=6.0.0"
      }
    },
    "node_modules/array-pad": {
      "version": "0.0.1",
      "resolved": "https://registry.npmjs.org/array-pad/-/array-pad-0.0.1.tgz",
      "integrity": "sha512-uVzGjO5dqUHanQoCWJFEsf4boWOagEGQAx4HY67s0mYYmzo1eXnV12SOpH9v1lNfop6bUyBUI+IJlOofMUgZAg=="
    },
    "node_modules/arrify": {
      "version": "1.0.1",
      "resolved": "https://registry.npmjs.org/arrify/-/arrify-1.0.1.tgz",
      "integrity": "sha512-3CYzex9M9FGQjCGMGyi6/31c8GJbgb0qGyrx5HWxPd0aCwh4cB2YjMb2Xf9UuoogrMrlO9cTqnB5rI5GHZTcUA==",
      "engines": {
        "node": ">=0.10.0"
      }
    },
    "node_modules/bignumber.js": {
      "version": "9.0.0",
      "resolved": "https://registry.npmjs.org/bignumber.js/-/bignumber.js-9.0.0.tgz",
      "integrity": "sha512-t/OYhhJ2SD+YGBQcjY8GzzDHEk9f3nerxjtfa6tlMXfe7frs/WozhvCNoGvpM0P3bNf3Gq5ZRMlGr5f3r4/N8A==",
      "engines": {
        "node": "*"
      }
    },
    "node_modules/case-insensitive": {
      "version": "1.0.0",
      "resolved": "https://registry.npmjs.org/case-insensitive/-/case-insensitive-1.0.0.tgz",
      "integrity": "sha512-dnPuuPchX250ivRdSGfiqlgJ3eJYmxGx9WiCNIxVjjIYd7dXSLx2c4kFJOiVvdvrxxZagqPSgnLGR58EMKhznA==",
      "engines": {
        "node": ">=6.0.0"
      }
    },
    "node_modules/class-chain": {
      "version": "1.0.0",
      "resolved": "https://registry.npmjs.org/class-chain/-/class-chain-1.0.0.tgz",
      "integrity": "sha512-Mjg98B+B9UDbQhqfqlfU7mppgXpWcsMIK/1Y4hwjQjGKnrcnruTBy8aU/plC32ss8qn3cEShYDxptHSk4LIgVQ==",
      "dependencies": {
        "is-object": "^1.0.1"
      },
      "engines": {
        "node": ">=4.0.0"
      }
    },
    "node_modules/copy-own": {
      "version": "1.2.0",
      "resolved": "https://registry.npmjs.org/copy-own/-/copy-own-1.2.0.tgz",
      "integrity": "sha512-YBWaRsqGUKW65je5Wr1gjaSmbIzioa/T8itzCBIqp8UXjNjvJKMTJv9jRx15xdGisl2ZJEGZDudkgnGDgpWSEA==",
      "engines": {
        "node": ">=6.0.0"
      }
    },
    "node_modules/core-util-is": {
      "version": "1.0.3",
      "resolved": "https://registry.npmjs.org/core-util-is/-/core-util-is-1.0.3.tgz",
      "integrity": "sha512-ZQBvi1DcpJ4GDqanjucZ2Hj3wEO5pZDS89BWbkcrvdxksJorwUDDZamX9ldFkp9aw2lmBDLgkObEA4DWNJ9FYQ=="
    },
    "node_modules/def-props": {
      "version": "1.0.0",
      "resolved": "https://registry.npmjs.org/def-props/-/def-props-1.0.0.tgz",
      "integrity": "sha512-LjCGIswKu5qqoa1azkhNzPasYJlN2h7fphiwcJ4Z5F6AoH4I3kvi5nE7Zu1SQ53s5tHKju+OOt3ZeZAdG/Tebw==",
      "dependencies": {
        "errate": "^1.3.0",
        "is-iterable": "^1.1.1",
        "is-obj": "^2.0.0",
        "type-error": "^1.0.3"
      },
      "engines": {
        "node": ">=8.3.0"
      }
    },
    "node_modules/def-props/node_modules/is-obj": {
      "version": "2.0.0",
      "resolved": "https://registry.npmjs.org/is-obj/-/is-obj-2.0.0.tgz",
      "integrity": "sha512-drqDG3cbczxxEJRoOXcOjtdp1J/lyp1mNn0xaznRs8+muBhgQcrnbspox5X5fOw0HnMnbfDzvnEMEtqDEJEo8w==",
      "engines": {
        "node": ">=8"
      }
    },
    "node_modules/empty-iterator": {
      "version": "1.0.0",
      "resolved": "https://registry.npmjs.org/empty-iterator/-/empty-iterator-1.0.0.tgz",
      "integrity": "sha512-QaxCCCfa58lYi7eo0eAcEhuzOZma3tZw20uj/uVYoGrd2lWtL5TKAy8Xs6ZnTmGhyFshfWovFVXiPIlqmikL0Q==",
      "engines": {
        "node": ">=4.0.0"
      }
    },
    "node_modules/enforce-range": {
      "version": "1.0.0",
      "resolved": "https://registry.npmjs.org/enforce-range/-/enforce-range-1.0.0.tgz",
      "integrity": "sha512-iOYthPljA5P/S823In8avtTbeUl8/uTP1+pqy08ryb8jeMO2enuIO/f72QFFqT4GTNiOe0yWPIzXB9nR3u6O5A==",
      "dependencies": {
        "2": "^1.0.2"
      }
    },
    "node_modules/enforce-range/node_modules/2": {
      "version": "1.0.2",
      "resolved": "https://registry.npmjs.org/2/-/2-1.0.2.tgz",
      "integrity": "sha512-G0Eca6Fz2qJKvjM9/niouz5kWTZy7pm+LRAMXir5v+DOt4bMszVlfIYKy2T+TPKnGxpp236pzK7/chNuToWlnQ==",
      "engines": {
        "node": ">=7.0.0"
      }
    },
    "node_modules/english-list": {
      "version": "1.0.0",
      "resolved": "https://registry.npmjs.org/english-list/-/english-list-1.0.0.tgz",
      "integrity": "sha512-bymeFA1uVYM4Bt4aLvV36X9iYk7GrG2IN1HmL1CTueRSYJLYQTXJjbqOyUGmYgfrrS3fxqs1iEU/bIiHLuneRA=="
    },
    "node_modules/errate": {
      "version": "1.3.0",
      "resolved": "https://registry.npmjs.org/errate/-/errate-1.3.0.tgz",
      "integrity": "sha512-RPWotQnbJyIck/w7b3yieWN7EnNqA21UdVuEy2vo5VIaRx5svLwwbeUVxB3Q5StVNdJkGHGhOX6embHG7bs5JQ==",
      "dependencies": {
        "copy-own": "^1.2.0",
        "is-class-of": "^1.0.1",
        "is-instance-of": "^1.0.2",
        "trim-call": "^1.1.0"
      },
      "engines": {
        "node": ">=6.0.0"
      }
    },
    "node_modules/ffn": {
      "version": "2.1.0",
      "resolved": "https://registry.npmjs.org/ffn/-/ffn-2.1.0.tgz",
      "integrity": "sha512-4RAYssW5tXRqsXfRRMLYZN5ze+JBBCaLhgv5sBQYyMturfeU+CAYnYIz7TS7Qzv9wgBAkvQF8w6XtIWTfHM26w==",
      "engines": {
        "node": ">=6.0.0"
      }
    },
    "node_modules/get-own-property": {
      "version": "1.0.0",
      "resolved": "https://registry.npmjs.org/get-own-property/-/get-own-property-1.0.0.tgz",
      "integrity": "sha512-/OsW7bqVUPVxBuHfugVduRZ7uctFhGxilojaHlf4PMhgwadQDat91hx+9hngRV0LA5OAR3YaTH9wN8sYpGfuzA=="
    },
    "node_modules/has-duplicates": {
      "version": "1.0.0",
      "resolved": "https://registry.npmjs.org/has-duplicates/-/has-duplicates-1.0.0.tgz",
      "integrity": "sha512-hZQnmfSBopwmRuMMvX64DBUDc/yp67J8CVhazVXV+ARa0L3r8suf1g4iS2oDsWHld0JE5G6yeNQsqCJ7CQ4JqA==",
      "engines": {
        "node": ">=0.12.0"
      }
    },
    "node_modules/if-else-throw": {
      "version": "1.0.0",
      "resolved": "https://registry.npmjs.org/if-else-throw/-/if-else-throw-1.0.0.tgz",
      "integrity": "sha512-LzTMNkDgHdayblt+7hXKcY0TSk6G5+8kQjOHZyvH/d0zzUuPptgaPAQbucd1ZQqUfOLv9VdlfLrnjJcTsklIlA==",
      "dependencies": {
        "possible-function": "^1.0.1"
      },
      "engines": {
        "node": ">=5.0.0"
      }
    },
    "node_modules/inherits": {
      "version": "2.0.4",
      "resolved": "https://registry.npmjs.org/inherits/-/inherits-2.0.4.tgz",
      "integrity": "sha512-k/vGaX4/Yla3WzyMCvTQOXYeIHvqOKtnqBduzTHpzpQZzAskKMhZ2K+EnBiSM9zGSoIFeMpXKxa4dYeZIQqewQ=="
    },
    "node_modules/is-array-of-length": {
      "version": "1.1.0",
      "resolved": "https://registry.npmjs.org/is-array-of-length/-/is-array-of-length-1.1.0.tgz",
      "integrity": "sha512-s4srcJzEuKAJqWZUZL0bLRfFSZy6pQMkky/7HCtADhVuAT5im1RApMRHgiRmNApR3CdrpR061odhPh9a4uxQGw==",
      "dependencies": {
        "arrify": "^1.0.1",
        "is-instance-of": "^1.0.2",
        "sbo": "^1.1.0"
      },
      "engines": {
        "node": ">=6"
      }
    },
    "node_modules/is-class-of": {
      "version": "1.0.1",
      "resolved": "https://registry.npmjs.org/is-class-of/-/is-class-of-1.0.1.tgz",
      "integrity": "sha512-5Fi5UUAWcsq1T2n5yJxOm8udIfOn4X/cpCGaUA5wdQxRQ+YF29RuBuTp0DlMjooK5CQrJbxIE01bjYoAoobu3g==",
      "dependencies": {
        "class-chain": "^1.0.0",
        "sbo": "^1.0.0"
      },
      "engines": {
        "node": ">=6.0.0"
      }
    },
    "node_modules/is-global-object": {
      "version": "1.0.0",
      "resolved": "https://registry.npmjs.org/is-global-object/-/is-global-object-1.0.0.tgz",
      "integrity": "sha512-THgJ/n1Ndja7FZ6YksPlhcLsl1Z34LfYT1maxuKYtt4CT/apnFwhlb2U+HVm8u9tySJL12NPV+u4USUJ4p0GRQ==",
      "engines": {
        "node": ">=4.0.0"
      }
    },
    "node_modules/is-instance-of": {
      "version": "1.0.2",
      "resolved": "https://registry.npmjs.org/is-instance-of/-/is-instance-of-1.0.2.tgz",
      "integrity": "sha512-n4ZY/J5l9IAhuEfYPpcEHKfQ+jGOHS5iqWuoTsGenv08/wGC5z3T+jN9qGQrWspFGLOhAfxRlxF8hB1iQ/aY5w==",
      "dependencies": {
        "@lamansky/flatten": "^1.0.0",
        "arrify": "^1.0.1",
        "case-insensitive": "^1.0.0",
        "class-chain": "^1.0.0",
        "is-obj": "^1.0.1",
        "qfn": "^1.0.1",
        "sbo": "^1.1.0"
      },
      "engines": {
        "node": ">=6"
      }
    },
    "node_modules/is-iterable": {
      "version": "1.1.1",
      "resolved": "https://registry.npmjs.org/is-iterable/-/is-iterable-1.1.1.tgz",
      "integrity": "sha512-EdOZCr0NsGE00Pot+x1ZFx9MJK3C6wy91geZpXwvwexDLJvA4nzYyZf7r+EIwSeVsOLDdBz7ATg9NqKTzuNYuQ==",
      "engines": {
        "node": ">= 4"
      }
    },
    "node_modules/is-nil": {
      "version": "1.0.1",
      "resolved": "https://registry.npmjs.org/is-nil/-/is-nil-1.0.1.tgz",
      "integrity": "sha512-m2Rm8PhUFDNNhgvwZJjJG74a9h5CHU0fkA8WT+WGlCjyEbZ2jPwgb+ZxHu4np284EqNVyOsgppReK4qy/TwEwg=="
    },
    "node_modules/is-obj": {
      "version": "1.0.1",
      "resolved": "https://registry.npmjs.org/is-obj/-/is-obj-1.0.1.tgz",
      "integrity": "sha512-l4RyHgRqGN4Y3+9JHVrNqO+tN0rV5My76uW5/nuO4K1b6vw5G8d/cmFjP9tRfEsdhZNt0IFdZuK/c2Vr4Nb+Qg==",
      "engines": {
        "node": ">=0.10.0"
      }
    },
    "node_modules/is-object": {
      "version": "1.0.2",
      "resolved": "https://registry.npmjs.org/is-object/-/is-object-1.0.2.tgz",
      "integrity": "sha512-2rRIahhZr2UWb45fIOuvZGpFtz0TyOZLf32KxBbSoUCeZR495zCKlWUKKUByk3geS2eAs7ZAABt0Y/Rx0GiQGA==",
      "funding": {
        "url": "https://github.com/sponsors/ljharb"
      }
    },
    "node_modules/is-plain-object": {
      "version": "2.0.4",
      "resolved": "https://registry.npmjs.org/is-plain-object/-/is-plain-object-2.0.4.tgz",
      "integrity": "sha512-h5PpgXkWitc38BBMYawTYMWJHFZJVnBquFE57xFpjB8pJFiF6gZ+bU+WyI/yqXiFR5mdLsgYNaPe8uao6Uv9Og==",
      "dependencies": {
        "isobject": "^3.0.1"
      },
      "engines": {
        "node": ">=0.10.0"
      }
    },
    "node_modules/isarray": {
      "version": "1.0.0",
      "resolved": "https://registry.npmjs.org/isarray/-/isarray-1.0.0.tgz",
      "integrity": "sha512-VLghIWNM6ELQzo7zwmcg0NmTVyWKYjvIeM83yjp0wRDTmUnrM678fQbcKBo6n2CJEF0szoG//ytg+TKla89ALQ=="
    },
    "node_modules/isobject": {
      "version": "3.0.1",
      "resolved": "https://registry.npmjs.org/isobject/-/isobject-3.0.1.tgz",
      "integrity": "sha512-WhB9zCku7EGTj/HQQRz5aUQEUeoQZH2bWcltRErOpymJ4boYE6wL9Tbr23krRPSZ+C5zqNSrSw+Cc7sZZ4b7vg==",
      "engines": {
        "node": ">=0.10.0"
      }
    },
    "node_modules/lodash.set": {
      "version": "4.3.2",
      "resolved": "https://registry.npmjs.org/lodash.set/-/lodash.set-4.3.2.tgz",
      "integrity": "sha512-4hNPN5jlm/N/HLMCO43v8BXKq9Z7QdAGc/VGrRD61w8gN9g/6jF9A4L1pbUgBLCffi0w9VsXfTOij5x8iTyFvg=="
    },
    "node_modules/longest-first": {
      "version": "1.0.0",
      "resolved": "https://registry.npmjs.org/longest-first/-/longest-first-1.0.0.tgz",
      "integrity": "sha512-t0F2muH7jEiupZQQ9m8FeSD68intEx5WQG2GEnLOx21d7uZKk6pCmUMo2OoQODzxu2MlpGzlhX5lTDmMycQGyA==",
      "dependencies": {
        "sbo": "^1.0.0"
      },
      "engines": {
        "node": ">=6.0.0"
      }
    },
    "node_modules/m-o": {
      "version": "2.2.0",
      "resolved": "https://registry.npmjs.org/m-o/-/m-o-2.2.0.tgz",
      "integrity": "sha512-G3DuyCvqBRr8riKPlWXTWuZbOGL6QrGZlyY7Pc3R503Mdf3dC6qPKAHk3IGlQW/dU/7pyBwjh/ik6s+7y+QOaw==",
      "dependencies": {
        "get-own-property": "^1.0.0",
        "if-else-throw": "^1.0.0",
        "is-object": "^1.0.1",
        "new-object": "^3.0.0"
      },
      "engines": {
        "node": ">=7.0.0"
      }
    },
    "node_modules/m-o/node_modules/new-object": {
      "version": "3.1.0",
      "resolved": "https://registry.npmjs.org/new-object/-/new-object-3.1.0.tgz",
      "integrity": "sha512-mAm06BBs3uEioVQ6eL5JTYQY+Dlo9xqJyCKwcvrXMbR0yOQPdSc3ZZrCtVXGjcDW20t2btlbWJVD1TjWd7rA3A==",
      "dependencies": {
        "errate": "^1.1.0"
      },
      "engines": {
        "node": ">=6.0.0"
      }
    },
    "node_modules/map-iter": {
      "version": "1.0.0",
      "resolved": "https://registry.npmjs.org/map-iter/-/map-iter-1.0.0.tgz",
      "integrity": "sha512-beFeBgHAX6kFPgLl0bck+hEcnu1M0W2b7bqHryE3OI3wdZhgvKQppeDmq/Ys/NVYYJ4/Nz+B45gWaH56PURexQ==",
      "dependencies": {
        "sbo": "^1.1.0"
      },
      "engines": {
        "node": ">=6.0.0"
      }
    },
    "node_modules/mysql": {
      "version": "2.18.1",
      "resolved": "https://registry.npmjs.org/mysql/-/mysql-2.18.1.tgz",
      "integrity": "sha512-Bca+gk2YWmqp2Uf6k5NFEurwY/0td0cpebAucFpY/3jhrwrVGuxU2uQFCHjU19SJfje0yQvi+rVWdq78hR5lig==",
      "dependencies": {
        "bignumber.js": "9.0.0",
        "readable-stream": "2.3.7",
        "safe-buffer": "5.1.2",
        "sqlstring": "2.3.1"
      },
      "engines": {
        "node": ">= 0.6"
      }
    },
    "node_modules/new-object": {
      "version": "4.0.0",
      "resolved": "https://registry.npmjs.org/new-object/-/new-object-4.0.0.tgz",
      "integrity": "sha512-MqlQGddh5nIYwNl0II1/l434+yAdEQlnu3wxu/wbcBYeHXWxm0HDRhm1pS2PGRXhzjkxATGg4nceI5fmIo7XJA==",
      "dependencies": {
        "def-props": "^1.0.0"
      },
      "engines": {
        "node": ">=8.3.0"
      }
    },
    "node_modules/ofn": {
      "version": "1.0.0",
      "resolved": "https://registry.npmjs.org/ofn/-/ofn-1.0.0.tgz",
      "integrity": "sha512-jcPbdrxmZ9BHCI6wuSR33picFQKORWuSQICXpU0XoeSMJ32sRMUdBNUHYgMl35pJoMB/UoW0q5TA7uWLp0nn8Q==",
      "dependencies": {
        "has-duplicates": "^1.0.0",
        "wfn": "^1.0.0"
      },
      "engines": {
        "node": ">=6.0.0"
      }
    },
    "node_modules/otherwise": {
      "version": "2.0.1",
      "resolved": "https://registry.npmjs.org/otherwise/-/otherwise-2.0.1.tgz",
      "integrity": "sha512-yh+oocdOedzHS/Z1yG2j8HHLRxajDmmdDYKLESEOikZ0E0gziTklcn9jODSlIiFkYewatVQ4N2bx3MPfIrObZg==",
      "dependencies": {
        "arrify": "^1.0.1",
        "errate": "^1.1.0",
        "roadblock": "^1.1.0"
      },
      "engines": {
        "node": ">=6.0.0"
      }
    },
    "node_modules/parser-factory": {
      "version": "1.1.1",
      "resolved": "https://registry.npmjs.org/parser-factory/-/parser-factory-1.1.1.tgz",
      "integrity": "sha512-0F1U1NedNcB31BPOMzgqN5PN2XvK/xOD6uQ3D4FMkI1WoAHLAMkQN5Zw4aX1BUoZgwRrU8YQOp/So4j4+Wk8/g==",
      "dependencies": {
        "arrify": "^2.0.1",
        "case-insensitive": "^1.0.0",
        "enforce-range": "^1.0.0",
        "is-instance-of": "^1.0.2",
        "longest-first": "^1.0.0",
        "m-o": "^2.2.0",
        "vfn": "^1.1.0"
      },
      "engines": {
        "node": ">=8.3.0"
      }
    },
    "node_modules/parser-factory/node_modules/arrify": {
      "version": "2.0.1",
      "resolved": "https://registry.npmjs.org/arrify/-/arrify-2.0.1.tgz",
      "integrity": "sha512-3duEwti880xqi4eAMN8AyR4a0ByT90zoYdLlevfrvU43vb0YZwZVfxOgxWrLXXXpyugL0hNZc9G6BiB5B3nUug==",
      "engines": {
        "node": ">=8"
      }
    },
    "node_modules/pfn": {
      "version": "1.1.0",
      "resolved": "https://registry.npmjs.org/pfn/-/pfn-1.1.0.tgz",
      "integrity": "sha512-jT+RH1+ZbL2G5dTGzpr02jd99DTYyC9cRghyrQZRAn4CypWH3K6WQpEeNbC4uHZu0P6sXR2eROnhK+RCxoOUJw==",
      "dependencies": {
        "is-nil": "^1.0.1"
      },
      "engines": {
        "node": ">=6.0.0"
      }
    },
    "node_modules/plainify": {
      "version": "1.0.0",
      "resolved": "https://registry.npmjs.org/plainify/-/plainify-1.0.0.tgz",
      "integrity": "sha512-z/JXOByYzJ7xs6MA3FLPhM7oS53SMrZWJCUdUlOBcq7e/X3kkxHmNNO1QEEtDnSZ8ZN4xIY0drALlCjLEVtIWA==",
      "dependencies": {
        "is-plain-object": "^2.0.4"
      },
      "engines": {
        "node": ">=4.0.0"
      }
    },
    "node_modules/possible-function": {
      "version": "1.0.1",
      "resolved": "https://registry.npmjs.org/possible-function/-/possible-function-1.0.1.tgz",
      "integrity": "sha512-/ThEWv9rxTeiXKA2p7zdxTgxl7ZiKFignkR2HBlL4VbAaYgf30KT2CpWT8qkswFgTAwxAfh+t/0l8UPSEbJzmg==",
      "engines": {
        "node": ">=5.0.0"
      }
    },
    "node_modules/process-nextick-args": {
      "version": "2.0.1",
      "resolved": "https://registry.npmjs.org/process-nextick-args/-/process-nextick-args-2.0.1.tgz",
      "integrity": "sha512-3ouUOpQhtgrbOa17J7+uxOTpITYWaGP7/AhoR3+A+/1e9skrzelGi/dXzEYyvbxubEF6Wn2ypscTKiKJFFn1ag=="
    },
    "node_modules/qfn": {
      "version": "1.0.1",
      "resolved": "https://registry.npmjs.org/qfn/-/qfn-1.0.1.tgz",
      "integrity": "sha512-Ci2jl+ICwQGoNusUgJCToecm0IFryiT9vhTIW3Tew4t5I4ySTt8Be84bpAz9FqF+4uGKLvilHzmApszjCvExlw==",
      "dependencies": {
        "pfn": "^1.0.0",
        "wfn": "^1.0.0"
      },
      "engines": {
        "node": ">=6.0.0"
      }
    },
    "node_modules/readable-stream": {
      "version": "2.3.7",
      "resolved": "https://registry.npmjs.org/readable-stream/-/readable-stream-2.3.7.tgz",
      "integrity": "sha512-Ebho8K4jIbHAxnuxi7o42OrZgF/ZTNcsZj6nRKyUmkhLFq8CHItp/fy6hQZuZmP/n3yZ9VBUbp4zz/mX8hmYPw==",
      "dependencies": {
        "core-util-is": "~1.0.0",
        "inherits": "~2.0.3",
        "isarray": "~1.0.0",
        "process-nextick-args": "~2.0.0",
        "safe-buffer": "~5.1.1",
        "string_decoder": "~1.1.1",
        "util-deprecate": "~1.0.1"
      }
    },
    "node_modules/roadblock": {
      "version": "1.1.0",
      "resolved": "https://registry.npmjs.org/roadblock/-/roadblock-1.1.0.tgz",
      "integrity": "sha512-qrKRAV1gz9XoV0GOeAeePSw6/lFs0u6/+EzIC55fISoprnpxrnI0zcCw6pTYpmagfIk1rRRurnHlK47opn4eRA==",
      "engines": {
        "node": ">=4.0.0"
      }
    },
    "node_modules/round-to": {
      "version": "4.1.0",
      "resolved": "https://registry.npmjs.org/round-to/-/round-to-4.1.0.tgz",
      "integrity": "sha512-H/4z+4QdWS82iMZ23+5St302Mv2jJws0hUvEogrD6gC8NN6Z5TalDtbg51owCrVy4V/4c8ePvwVLNtlhEfPo5g==",
      "engines": {
        "node": ">=8"
      }
    },
    "node_modules/rtrim-array": {
      "version": "1.1.0",
      "resolved": "https://registry.npmjs.org/rtrim-array/-/rtrim-array-1.1.0.tgz",
      "integrity": "sha512-Kg2TlpJ1jRpYEs73H4vH9SUzICRVc02t5e89U5bonldCDIM3RqzG9pmnuh8BqQu44O+605EiTnPeF0GOgxVlDg==",
      "dependencies": {
        "pfn": "^1.0.0",
        "sbo": "^1.0.0"
      },
      "engines": {
        "node": ">=6.0.0"
      }
    },
    "node_modules/safe-buffer": {
      "version": "5.1.2",
      "resolved": "https://registry.npmjs.org/safe-buffer/-/safe-buffer-5.1.2.tgz",
      "integrity": "sha512-Gd2UZBJDkXlY7GbJxfsE8/nvKkUEU1G38c1siN6QP6a9PT9MmHB8GnpscSmMJSoF8LOIrt8ud/wPtojys4G6+g=="
    },
    "node_modules/sbo": {
      "version": "1.1.3",
      "resolved": "https://registry.npmjs.org/sbo/-/sbo-1.1.3.tgz",
      "integrity": "sha512-yEoPppneJ3AlDrs3SpJIZBX+JioAoWMEye4zB+tuF4yQhLKcY7WAdXmVzvUpWQestZFNFIJyiK0f30lkZucemg==",
      "dependencies": {
        "array-pad": "0.0.1",
        "ffn": "^2.1.0",
        "is-global-object": "^1.0.0",
        "is-nil": "^1.0.1",
        "is-object": "^1.0.2",
        "lodash.set": "^4.3.2",
        "ofn": "^1.0.0",
        "plainify": "^1.0.0",
        "wfn": "^1.0.0"
      },
      "engines": {
        "node": ">=6.0.0"
      }
    },
    "node_modules/sorp": {
      "version": "1.0.0",
      "resolved": "https://registry.npmjs.org/sorp/-/sorp-1.0.0.tgz",
      "integrity": "sha512-iTeBVYTnKO4bsj4so0MnmCcIlIclZ2yWD37iudIFy0m9aRXvZVOf0r1JRvyUmj59UUtr+AUwC0TamseLmSDZgw==",
      "engines": {
        "node": ">=4.0.0"
      }
    },
    "node_modules/sqlstring": {
      "version": "2.3.1",
      "resolved": "https://registry.npmjs.org/sqlstring/-/sqlstring-2.3.1.tgz",
      "integrity": "sha512-ooAzh/7dxIG5+uDik1z/Rd1vli0+38izZhGzSa34FwR7IbelPWCCKSNIl8jlL/F7ERvy8CB2jNeM1E9i9mXMAQ==",
      "engines": {
        "node": ">= 0.6"
      }
    },
    "node_modules/string_decoder": {
      "version": "1.1.1",
      "resolved": "https://registry.npmjs.org/string_decoder/-/string_decoder-1.1.1.tgz",
      "integrity": "sha512-n/ShnvDi6FHbbVfviro+WojiFzv+s8MPMHBczVePfUpDJLwoLT0ht1l4YwBCbi8pJAveEEdnkHyPyTP/mzRfwg==",
      "dependencies": {
        "safe-buffer": "~5.1.0"
      }
    },
    "node_modules/trim-call": {
      "version": "1.1.0",
      "resolved": "https://registry.npmjs.org/trim-call/-/trim-call-1.1.0.tgz",
      "integrity": "sha512-2I1sdAj5JY/zoiv9VZdmqh/rmmwL62Ak9S6I7Pwl9P4gLX4TO1ci+930HJ/rX9NPQLhEkPmHCb+tAZa1WBk8mA==",
      "dependencies": {
        "rtrim-array": "^1.0.0"
      },
      "engines": {
        "node": ">=6.0.0"
      }
    },
    "node_modules/type-error": {
      "version": "1.0.3",
      "resolved": "https://registry.npmjs.org/type-error/-/type-error-1.0.3.tgz",
      "integrity": "sha512-hlNA4NwwjtL9clb8nv+x/5C45uzxND+N+h+/y3z2dYdubGSmdtNtJjHVH4E68ZHR98Bkav4ACf1lmTZepc/4sg=="
    },
    "node_modules/util-deprecate": {
      "version": "1.0.2",
      "resolved": "https://registry.npmjs.org/util-deprecate/-/util-deprecate-1.0.2.tgz",
      "integrity": "sha512-EPD5q1uXyFxJpCrLnCc1nHnq3gOa6DZBocAIiI2TaSCA7VCJ1UJDMagCzIkXNsUYfD1daK//LTEQ8xiIbrHtcw=="
    },
    "node_modules/vfn": {
      "version": "1.1.0",
      "resolved": "https://registry.npmjs.org/vfn/-/vfn-1.1.0.tgz",
      "integrity": "sha512-ZLp05QABhxCUsh/iCr+m94HH670VKTQXiYRQMMgXzvKwp98GzHnnnIJ6fbcyrU1n6j1MVhYgbYen0Fc4FNIGbA==",
      "dependencies": {
        "array-pad": "0.0.1",
        "is-plain-object": "^2.0.4",
        "plainify": "^1.0.0",
        "wfn": "^1.0.0"
      },
      "engines": {
        "node": ">=6.0.0"
      }
    },
    "node_modules/wfn": {
      "version": "1.0.0",
      "resolved": "https://registry.npmjs.org/wfn/-/wfn-1.0.0.tgz",
      "integrity": "sha512-oqi69SrZYlW66I/Bz4iJQ7V4E/uB0o776fW7KWbGaweTHvrtDUuemPkyEt7MgQeSnUs30NTSyqcbO4TT7/8SOw==",
      "dependencies": {
        "copy-own": "^1.0.0",
        "english-list": "^1.0.0",
        "sorp": "^1.0.0"
      },
      "engines": {
        "node": ">=6.0.0"
      }
    }
  }
}
